{
  "Properties": {
    "Title": "Descent: Frozen Hell",
    "Version": "1.3",
    "Authors": [
      "CitadelCore",
      "Skye",
      "ThePiGuy24"
    ],
    "Minecraft": {
      "Versions": [
        "1.12.2",
        "1.12"
      ],
      "Forge": "latest"
    }
  },
  "Sources": [
    {
      "Provider": "curse",
      "Attributes": {
        "whitelist": [
          "release",
          "beta",
          "alpha"
        ]
      },
      "Mods": [
        "326890",
        "extraUtilities",
        "betterWithEngineering",
        "bwmSuite",
        "wearableBackpacks",
        "toughAsNails",
        "shadowfactsForgelin",
        "immersiveEngineering",
        "immersivePetroleum",
        "immersiveTech",
        "mrtjpcore",
        "projectRedBase",
        "projectRedCompat",
        "projectRedFabrication",
        "projectRedIntegration",
        "projectRedLighting",
        "projectRedWorld",
        "codeChickenLib18",
        "forgeMultipartCbe",
        "autoreglib",
        "chisel",
        "chiselsBits",
        "mtlib",
        "crafttweaker",
        "modtweaker",
        "jei",
        "cofhCore",
        "cofhWorld",
        "redstoneFlux",
        "thermalDynamics",
        "thermalExpansion",
        "thaumcraft",
        "thaumicComputers",
        "thaumicEnergistics",
        "thaumicAugmentation",
        "baubles",
        "charsetLib",
        "charsetTweaks",
        "charsetImmersion",
        "charsetAudio",
        "charsetTablet",
        "charsetTools",
        "charsetBlockCarrying",
        "charsetpatches",
        "charsetStorageLocks",
        "foamfixForMinecraft",
        "opencomputers",
        "openprinter",
        "zettaindustries",
        "hwyla",
        "railcraft",
        "spawnerImbuer",
        "teslaCoreLib",
        "industrialForegoing",
        "integrationForegoing",
        "colytra",
        "moreplates",
        "journeymap",
        "gravestoneMod",
        "redstoneArsenal",
        "icbmClassic",
        "atomicScience",
        "avaritia110",
        "avaritiaComplement",
        "moreAvaritia",
        "catwalks4",
        "treeChopper",
        "industrialWires",
        "openfm",
        "chameleon",
        "storageDrawers",
        "appliedEnergistics2",
        "extracells2",
        "immersiveCables",
        "alternatingFlux",
        "betterBuildersWands"
      ],
      "Groups": [
        {
          "Selected": null,
          "Side": 1,
          "Provider": "curse",
          "Attributes": {
            "whitelist": [
              "release",
              "beta",
              "alpha"
            ]
          },
          "Mods": [
            "swingthroughgrass"
          ],
          "Groups": null
        },
        {
          "Selected": null,
          "Side": 0,
          "Provider": "curse",
          "Attributes": {
            "whitelist": [
              "release",
              "beta",
              "alpha"
            ]
          },
          "Mods": [
            "thaumicJei",
            "justEnoughResourcesJer",
            "inventoryTweaks",
            "betterAdvancements"
          ],
          "Groups": [
            {
              "Selected": true,
              "Side": 0,
              "Provider": "curse",
              "Attributes": {
                "skRecommendation": "starred",
                "whitelist": [
                  "release",
                  "beta",
                  "alpha"
                ]
              },
              "Mods": [
                {
                  "dynamicSurroundings": {
                    "description": "Caution: Resource heavy. Quite nice, has a lot of configurable features that add immersive sound/visual effects. Includes light-level overlay. (Defaults set to remove some sounds and generally be better.)"
                  }
                },
                {
                  "dynamicLights": {
                    "description": "Caution: Resource heavy. Turn this off if your computer isn't powerful enough."
                  }
                }
              ],
              "Groups": null
            },
            {
              "Selected": false,
              "Side": 0,
              "Provider": "curse",
              "Attributes": {
                "whitelist": [
                  "release",
                  "beta",
                  "alpha"
                ]
              },
              "Mods": [
                {
                  "betterFoliage": {
                    "description": "Caution: Resource heavy. Disabled by default because there are a few render bugs."
                  }
                },
                {
                  "fancyBlockParticles": {
                    "description": "Caution: Resource heavy. Adds some flair to particle effects and animations. Highly configurable, costs fps. (Defaults set to be less intrusive.)"
                  }
                },
                {
                  "fasterLadderClimbing": {
                    "description": "Helps you control ladder climb speed and allows you to go a bit faster."
                  }
                },
                {
                  "nbtedit": {
                    "description": "Can be used to view NBT trees. Developer use only."
                  }
                }
              ],
              "Groups": null
            }
          ]
        },
        {
          "Selected": null,
          "Side": 2,
          "Provider": "curse",
          "Attributes": {
            "whitelist": [
              "release",
              "beta",
              "alpha"
            ]
          },
          "Mods": [
            {
              "laggoggles": {
                "description": "***Admin/diagnostic tool. Leave off unless asked to help test performance issues."
              }
            },
            {
              "sampler": {
                "description": "***Admin/diagnostic tool. Leave off unless asked to help test performance issues."
              }
            },
            {
              "openeye": {
                "description": "Automatically collects and submits crash reports. Enable if asked or wish to help sort issues with the pack."
              }
            }
          ],
          "Groups": null
        }
      ]
    },
    {
      "Provider": "url",
      "Attributes": null,
      "Mods": [
        "http://files.vexatos.com/Computronics/Computronics-1.12.2-1.6.6.jar",
        "https://launcher.towerdevs.xyz/external/thaumictinkerer-1.12.2-5.0-41d79cc.jar"
      ],
      "Groups": null
    }
  ],
  "LockedContent": [
    {
      "AddonId": 264353,
      "FileId": 2507975,
      "Provider": "curse",
      "Identifier": "eca81adb-cc14-4392-bef2-886fedb56dd8",
      "Checksum": 3049467045,
      "Url": "https://edge.forgecdn.net/files/2507/975/stg-1.12.2-1.2.2.jar"
    },
    {
      "AddonId": 227874,
      "FileId": 2444010,
      "Provider": "curse",
      "Identifier": "6f53ba7f-d10f-445f-bc98-d29ffa75ede7",
      "Checksum": 3445197623,
      "Url": "https://edge.forgecdn.net/files/2444/10/DynamicLights-1.12.jar"
    },
    {
      "AddonId": 307806,
      "FileId": 2802980,
      "Provider": "curse",
      "Identifier": "fa5694c6-0fde-4900-b818-ce73bb5c69c4",
      "Checksum": 3416041519,
      "Url": "https://edge.forgecdn.net/files/2802/980/OreLib-1.12.2-3.5.2.3.jar"
    },
    {
      "AddonId": 238891,
      "FileId": 2820763,
      "Provider": "curse",
      "Identifier": "f5c09df3-deee-473d-a117-2855c726442d",
      "Checksum": 1898227343,
      "Url": "https://edge.forgecdn.net/files/2820/763/DynamicSurroundings-1.12.2-3.6.0.1.jar"
    },
    {
      "AddonId": 258881,
      "FileId": 2465740,
      "Provider": "curse",
      "Identifier": "ffcc17ea-96e4-4df3-8e20-211a7854a5d7",
      "Checksum": 3143310815,
      "Url": "https://edge.forgecdn.net/files/2465/740/FasterLadderClimbing-1.12-0.1-127.jar"
    },
    {
      "AddonId": 247580,
      "FileId": 2448708,
      "Provider": "curse",
      "Identifier": "c77ca40b-1c2e-44de-96ff-33040496357d",
      "Checksum": 3075443503,
      "Url": "https://edge.forgecdn.net/files/2448/708/NBTEdit-0.7.jar"
    },
    {
      "AddonId": 248453,
      "FileId": 2785465,
      "Provider": "curse",
      "Identifier": "c480c482-c8fc-4278-b437-364551700b88",
      "Checksum": 387064965,
      "Url": "https://edge.forgecdn.net/files/2785/465/Forgelin-1.8.4.jar"
    },
    {
      "AddonId": 228529,
      "FileId": 2852872,
      "Provider": "curse",
      "Identifier": "d234e916-6b9a-4aed-8294-121e10a8ae0a",
      "Checksum": 166629844,
      "Url": "https://edge.forgecdn.net/files/2852/872/BetterFoliage-MC1.12-2.3.1.jar"
    },
    {
      "AddonId": 254441,
      "FileId": 2522777,
      "Provider": "curse",
      "Identifier": "576e028f-954c-4c81-bceb-0ac926c89146",
      "Checksum": 4174754362,
      "Url": "https://edge.forgecdn.net/files/2522/777/FancyBlockParticles-1.12.x-2.3.6.jar"
    },
    {
      "AddonId": 238222,
      "FileId": 2803400,
      "Provider": "curse",
      "Identifier": "50bd5c9a-966f-4307-932a-66feb92d3799",
      "Checksum": 3391578337,
      "Url": "https://edge.forgecdn.net/files/2803/400/jei_1.12.2-4.15.0.291.jar"
    },
    {
      "AddonId": 240630,
      "FileId": 2728585,
      "Provider": "curse",
      "Identifier": "8a1c8c04-b8b5-41dc-99c7-deae4a6ca1c0",
      "Checksum": 537556958,
      "Url": "https://edge.forgecdn.net/files/2728/585/JustEnoughResources-1.12.2-0.9.2.60.jar"
    },
    {
      "AddonId": 223094,
      "FileId": 2848933,
      "Provider": "curse",
      "Identifier": "9162d7b8-ab59-4385-9ef8-50adeccc6e56",
      "Checksum": 1037406193,
      "Url": "https://edge.forgecdn.net/files/2848/933/InventoryTweaks-1.64+dev.150.jar"
    },
    {
      "AddonId": 227083,
      "FileId": 2459083,
      "Provider": "curse",
      "Identifier": "e1b6fefe-5e38-46c9-9633-710f9ce7fa9f",
      "Checksum": 1473911213,
      "Url": "https://edge.forgecdn.net/files/2459/83/Baubles-1.12-1.5.1.jar"
    },
    {
      "AddonId": 223628,
      "FileId": 2629023,
      "Provider": "curse",
      "Identifier": "6944253f-6b5a-4f1d-913f-50d598144eed",
      "Checksum": 1607642850,
      "Url": "https://edge.forgecdn.net/files/2629/23/Thaumcraft-1.12.2-6.1.BETA26.jar"
    },
    {
      "AddonId": 285492,
      "FileId": 2696415,
      "Provider": "curse",
      "Identifier": "03cc27ea-7baa-42ab-824c-80cc027f20af",
      "Checksum": 2714741218,
      "Url": "https://edge.forgecdn.net/files/2696/415/ThaumicJEI-1.12.2-1.5.7-25.jar"
    },
    {
      "AddonId": 272515,
      "FileId": 2544977,
      "Provider": "curse",
      "Identifier": "fd7bc758-888e-4f4f-a37b-756fef960f3b",
      "Checksum": 2384036114,
      "Url": "https://edge.forgecdn.net/files/2544/977/BetterAdvancements-1.12.2-0.0.6.20.jar"
    },
    {
      "AddonId": 289242,
      "FileId": 2698780,
      "Provider": "curse",
      "Identifier": "5a8b5913-fd7a-4145-90f2-6c890bb7560e",
      "Checksum": 2389231956,
      "Url": "https://edge.forgecdn.net/files/2698/780/sampler-1.83.jar"
    },
    {
      "AddonId": 251457,
      "FileId": 2545677,
      "Provider": "curse",
      "Identifier": "e6a16f63-9591-4728-bbe3-68cec942467b",
      "Checksum": 1171293484,
      "Url": "https://edge.forgecdn.net/files/2545/677/OpenEye-1.12.2-0.8.jar"
    },
    {
      "AddonId": 283525,
      "FileId": 2821475,
      "Provider": "curse",
      "Identifier": "c2523c70-bd9d-4037-9d82-3280b73ef1f7",
      "Checksum": 1209320348,
      "Url": "https://edge.forgecdn.net/files/2821/475/LagGoggles-THIN-1.12.2-4.9.jar"
    },
    {
      "AddonId": 223008,
      "FileId": 2828357,
      "Provider": "curse",
      "Identifier": "785aca72-e69d-4142-94ff-b69cf6564567",
      "Checksum": 3597605255,
      "Url": "https://edge.forgecdn.net/files/2828/357/OpenComputers-MC1.12.2-1.7.5.192.jar"
    },
    {
      "AddonId": 326890,
      "FileId": 2738502,
      "Provider": "curse",
      "Identifier": "cd972fe4-1f54-4e1b-a025-3d158aadde42",
      "Checksum": 406342980,
      "Url": "https://edge.forgecdn.net/files/2738/502/ocbookconv-0.1.jar"
    },
    {
      "AddonId": 32274,
      "FileId": 2844789,
      "Provider": "curse",
      "Identifier": "b4f0c1cf-ce9a-4d51-bfd5-e5628b5ca5c4",
      "Checksum": 1184925075,
      "Url": "https://edge.forgecdn.net/files/2844/789/journeymap-1.12.2-5.5.6.jar"
    },
    {
      "AddonId": 236839,
      "FileId": 2575236,
      "Provider": "curse",
      "Identifier": "7787840a-72e2-4dc2-bbe2-b3c982287045",
      "Checksum": 3846407186,
      "Url": "https://edge.forgecdn.net/files/2575/236/OpenFM-1.12.2-0.1.0.14.jar"
    },
    {
      "AddonId": 250363,
      "FileId": 2573417,
      "Provider": "curse",
      "Identifier": "62be873f-f641-4868-935d-30fcbd47ea1a",
      "Checksum": 1362393753,
      "Url": "https://edge.forgecdn.net/files/2573/417/AutoRegLib-1.3-18.jar"
    },
    {
      "AddonId": 250241,
      "FileId": 2467062,
      "Provider": "curse",
      "Identifier": "7a562a2e-014b-4b16-8c9c-574096bf3d32",
      "Checksum": 3667268242,
      "Url": "https://edge.forgecdn.net/files/2467/62/TreeChopper-1.12-1.2.2.jar"
    },
    {
      "AddonId": 270789,
      "FileId": 2623090,
      "Provider": "curse",
      "Identifier": "ebf16c05-d7fe-4473-93da-edf926b19f57",
      "Checksum": 1941774686,
      "Url": "https://edge.forgecdn.net/files/2623/90/RedstoneFlux-1.12-2.1.0.6-universal.jar"
    },
    {
      "AddonId": 257572,
      "FileId": 2800372,
      "Provider": "curse",
      "Identifier": "02f6e343-1bcb-48ae-8369-56f0a7978cca",
      "Checksum": 200631767,
      "Url": "https://edge.forgecdn.net/files/2800/372/WearableBackpacks-1.12.2-3.1.4.jar"
    },
    {
      "AddonId": 301054,
      "FileId": 2745010,
      "Provider": "curse",
      "Identifier": "ee02a504-f872-4758-89b6-f9c46276a5c3",
      "Checksum": 1828798477,
      "Url": "https://edge.forgecdn.net/files/2745/10/Charset-ToolsEngineering-0.5.6.0.jar"
    },
    {
      "AddonId": 267602,
      "FileId": 2832564,
      "Provider": "curse",
      "Identifier": "9a8c1ca2-1134-4992-a761-99e06dd8978b",
      "Checksum": 151427549,
      "Url": "https://edge.forgecdn.net/files/2832/564/CTM-MC1.12.2-1.0.1.30.jar"
    },
    {
      "AddonId": 231951,
      "FileId": 2777603,
      "Provider": "curse",
      "Identifier": "da7babb4-9748-4f5b-bf1e-96e78053782b",
      "Checksum": 2198758002,
      "Url": "https://edge.forgecdn.net/files/2777/603/ImmersiveEngineering-0.12-91.jar"
    },
    {
      "AddonId": 242638,
      "FileId": 2835644,
      "Provider": "curse",
      "Identifier": "822ce378-02c4-4b59-abfa-458eed0f377d",
      "Checksum": 3351050247,
      "Url": "https://edge.forgecdn.net/files/2835/644/industrialcraft-2-2.8.188-ex112.jar"
    },
    {
      "AddonId": 251121,
      "FileId": 2659323,
      "Provider": "curse",
      "Identifier": "024549fe-faf6-4d51-b022-7c944403d2b2",
      "Checksum": 4270395456,
      "Url": "https://edge.forgecdn.net/files/2659/323/IndustrialWires-1.7-34.jar"
    },
    {
      "AddonId": 223794,
      "FileId": 2582952,
      "Provider": "curse",
      "Identifier": "fe4873cb-dd94-46e6-96f1-21b890a67e44",
      "Checksum": 2060134526,
      "Url": "https://edge.forgecdn.net/files/2582/952/appliedenergistics2-rv6-alpha-3.jar"
    },
    {
      "AddonId": 243076,
      "FileId": 2632393,
      "Provider": "curse",
      "Identifier": "49ad7c88-0e8b-47ad-bf4a-d93e8004f6cb",
      "Checksum": 2286646085,
      "Url": "https://edge.forgecdn.net/files/2632/393/refinedstorage-1.6.9.jar"
    },
    {
      "AddonId": 283992,
      "FileId": 2579102,
      "Provider": "curse",
      "Identifier": "8adf68d9-931c-4e25-898d-d931b9c124ed",
      "Checksum": 2021625431,
      "Url": "https://edge.forgecdn.net/files/2579/102/ImmersiveCables-1.12.2-1.3.1.jar"
    },
    {
      "AddonId": 242818,
      "FileId": 2755781,
      "Provider": "curse",
      "Identifier": "09fb1d2b-5790-4359-9304-784318aa58c1",
      "Checksum": 1333137881,
      "Url": "https://edge.forgecdn.net/files/2755/781/CodeChickenLib-1.12.2-3.2.3.357-universal.jar"
    },
    {
      "AddonId": 258426,
      "FileId": 2755790,
      "Provider": "curse",
      "Identifier": "7fb6a0f2-29c5-4a1b-81cc-6ced322db35e",
      "Checksum": 3090990458,
      "Url": "https://edge.forgecdn.net/files/2755/790/ForgeMultipart-1.12.2-2.6.2.83-universal.jar"
    },
    {
      "AddonId": 280200,
      "FileId": 2828877,
      "Provider": "curse",
      "Identifier": "cf5ab6fe-4275-4cd0-99c2-29fbcfa13f97",
      "Checksum": 4116341275,
      "Url": "https://edge.forgecdn.net/files/2828/877/colytra-1.12.2-1.2.0.4.jar"
    },
    {
      "AddonId": 239431,
      "FileId": 2615930,
      "Provider": "curse",
      "Identifier": "2a55e835-4cf8-45ad-813b-14d8e154a3a7",
      "Checksum": 909753984,
      "Url": "https://edge.forgecdn.net/files/2615/930/MCMultiPart-2.5.3.jar"
    },
    {
      "AddonId": 238222,
      "FileId": 2803400,
      "Provider": "curse",
      "Identifier": "4ee65daa-b0e8-42ee-8450-8bdba9736541",
      "Checksum": 3391578337,
      "Url": "https://edge.forgecdn.net/files/2803/400/jei_1.12.2-4.15.0.291.jar"
    },
    {
      "AddonId": 231095,
      "FileId": 2640753,
      "Provider": "curse",
      "Identifier": "f3366d7a-ad8f-4f06-9f89-ebc49db02f64",
      "Checksum": 3917886323,
      "Url": "https://edge.forgecdn.net/files/2640/753/chiselsandbits-14.29.jar"
    },
    {
      "Provider": "url",
      "Identifier": "cb7c9386-fca6-4377-ba56-00fa94ba43db",
      "Url": "http://files.vexatos.com/Computronics/Computronics-1.12.2-1.6.6.jar"
    },
    {
      "Provider": "url",
      "Identifier": "afbb2215-6488-4f9b-b3b7-06a889b66359",
      "Url": "https://launcher.towerdevs.xyz/external/thaumictinkerer-1.12.2-5.0-41d79cc.jar"
    }
  ]
}